
Microsoft Visual Studio Solution File, Format Version 12.00
# Visual Studio Version 16
VisualStudioVersion = 16.0.29215.179
MinimumVisualStudioVersion = 10.0.40219.1
Project("{FAE04EC0-301F-11D3-BF4B-00C04F79EFBC}") = "SortingAlgorithms", "SortingAlgorithms\SortingAlgorithms.csproj", "{E3A39E5F-8294-47CB-8D96-B8EC19DD4C98}"
EndProject
Global
	GlobalSection(SolutionConfigurationPlatforms) = preSolution
		Debug|Any CPU = Debug|Any CPU
		Release|Any CPU = Release|Any CPU
	EndGlobalSection
	GlobalSection(ProjectConfigurationPlatforms) = postSolution
		{E3A39E5F-8294-47CB-8D96-B8EC19DD4C98}.Debug|Any CPU.ActiveCfg = Debug|Any CPU
		{E3A39E5F-8294-47CB-8D96-B8EC19DD4C98}.Debug|Any CPU.Build.0 = Debug|Any CPU
		{E3A39E5F-8294-47CB-8D96-B8EC19DD4C98}.Release|Any CPU.ActiveCfg = Release|Any CPU
		{E3A39E5F-8294-47CB-8D96-B8EC19DD4C98}.Release|Any CPU.Build.0 = Release|Any CPU
	EndGlobalSection
	GlobalSection(SolutionProperties) = preSolution
		HideSolutionNode = FALSE
	EndGlobalSection
	GlobalSection(ExtensibilityGlobals) = postSolution
		SolutionGuid = {D8431207-D594-49EA-BD03-9526489D3EFC}
	EndGlobalSection
EndGlobal
